# This file is automatically @generated by Cargo.
# It is not intended for manual editing.
version = 4

[[package]]
name = "cairn-app"
version = "0.0.0"

[[package]]
name = "cairn-config"
version = "0.0.0"
dependencies = [
 "cairn-types",
]

[[package]]
name = "cairn-file"
version = "0.0.0"
dependencies = [
 "cairn-types",
]

[[package]]
name = "cairn-identity"
version = "0.0.0"
dependencies = [
 "cairn-types",
]

[[package]]
name = "cairn-types"
version = "0.0.0"

[[package]]
name = "cairn-vcs"
version = "0.0.0"
dependencies = [
 "cairn-types",
]
